
Microsoft Visual Studio Solution File, Format Version 12.00
# Visual Studio Version 17
VisualStudioVersion = 17.6.33829.357
MinimumVisualStudioVersion = 10.0.40219.1
Project("{FAE04EC0-301F-11D3-BF4B-00C04F79EFBC}") = "triangulo", "triangulo.csproj", "{F4503BDB-9B4C-4AF0-9DE5-61695EDF1B84}"
EndProject
Project("{FAE04EC0-301F-11D3-BF4B-00C04F79EFBC}") = "triangulo.testes", "..\triangulo.testes\triangulo.testes.csproj", "{F8A59908-BC1B-497B-9A62-C9BB057BC7AF}"
EndProject
Global
	GlobalSection(SolutionConfigurationPlatforms) = preSolution
		Debug|Any CPU = Debug|Any CPU
		Release|Any CPU = Release|Any CPU
	EndGlobalSection
	GlobalSection(ProjectConfigurationPlatforms) = postSolution
		{F4503BDB-9B4C-4AF0-9DE5-61695EDF1B84}.Debug|Any CPU.ActiveCfg = Debug|Any CPU
		{F4503BDB-9B4C-4AF0-9DE5-61695EDF1B84}.Debug|Any CPU.Build.0 = Debug|Any CPU
		{F4503BDB-9B4C-4AF0-9DE5-61695EDF1B84}.Release|Any CPU.ActiveCfg = Release|Any CPU
		{F4503BDB-9B4C-4AF0-9DE5-61695EDF1B84}.Release|Any CPU.Build.0 = Release|Any CPU
		{F8A59908-BC1B-497B-9A62-C9BB057BC7AF}.Debug|Any CPU.ActiveCfg = Debug|Any CPU
		{F8A59908-BC1B-497B-9A62-C9BB057BC7AF}.Debug|Any CPU.Build.0 = Debug|Any CPU
		{F8A59908-BC1B-497B-9A62-C9BB057BC7AF}.Release|Any CPU.ActiveCfg = Release|Any CPU
		{F8A59908-BC1B-497B-9A62-C9BB057BC7AF}.Release|Any CPU.Build.0 = Release|Any CPU
	EndGlobalSection
	GlobalSection(SolutionProperties) = preSolution
		HideSolutionNode = FALSE
	EndGlobalSection
	GlobalSection(ExtensibilityGlobals) = postSolution
		SolutionGuid = {788CEBD0-7542-4CF3-AF7C-C1A7E210FC10}
	EndGlobalSection
EndGlobal
